PODS:
  - KeychainAccess (3.2.0)
  - Kingfisher (5.7.0)

DEPENDENCIES:
  - KeychainAccess
  - Kingfisher

SPEC REPOS:
  https://github.com/CocoaPods/Specs.git:
    - KeychainAccess
    - Kingfisher

SPEC CHECKSUMS:
  KeychainAccess: 3b1bf8a77eb4c6ea1ce9404c292e48f948954c6b
  Kingfisher: c7d211b54f1f30d8060aadab177d52b4349c825b

PODFILE CHECKSUM: 9fb207100e7423b8d7672888725e547c591c63df

COCOAPODS: 1.8.4
